PODS:
  - Nimble (7.3.4)
  - Quick (1.2.0)
  - SwiftExpansion (0.2.2)
  - UIKitExpansion (0.1.0):
    - SwiftExpansion (~> 0.2)

DEPENDENCIES:
  - Nimble (~> 7.0)
  - Quick (~> 1.2.0)
  - UIKitExpansion (from `../`)

SPEC REPOS:
  https://github.com/cocoapods/specs.git:
    - Nimble
    - Quick
    - SwiftExpansion

EXTERNAL SOURCES:
  UIKitExpansion:
    :path: "../"

SPEC CHECKSUMS:
  Nimble: 051e3d8912d40138fa5591c78594f95fb172af37
  Quick: 58d203b1c5e27fff7229c4c1ae445ad7069a7a08
  SwiftExpansion: 335601a67d1c9492aa8bdc139b3c6554f37a86d3
  UIKitExpansion: 6108d4ce2c604512cfc59c5a976f036fff97aea3

PODFILE CHECKSUM: 8a49b5131addbcde1ca38390ffd3635dcd79c7ed

COCOAPODS: 1.7.5
